
Microsoft Visual Studio Solution File, Format Version 12.00
# Visual Studio Version 16
VisualStudioVersion = 16.0.31410.357
MinimumVisualStudioVersion = 10.0.40219.1
Project("{9A19103F-16F7-4668-BE54-9A1E7A4F7556}") = "GeoChallenge", "GeoChallenge\GeoChallenge.csproj", "{DD98859A-0CC2-4E73-AC9F-A35A1BFE670C}"
	ProjectSection(ProjectDependencies) = postProject
		{0419B208-A9BA-4631-923A-022DB2E0A262} = {0419B208-A9BA-4631-923A-022DB2E0A262}
	EndProjectSection
EndProject
Project("{9A19103F-16F7-4668-BE54-9A1E7A4F7556}") = "WebAPI", "WebAPI\WebAPI.csproj", "{5C58AFE7-4826-47A4-BB26-62745BB22C21}"
	ProjectSection(ProjectDependencies) = postProject
		{0419B208-A9BA-4631-923A-022DB2E0A262} = {0419B208-A9BA-4631-923A-022DB2E0A262}
	EndProjectSection
EndProject
Project("{9A19103F-16F7-4668-BE54-9A1E7A4F7556}") = "SharedLibrary", "SharedLibrary\SharedLibrary.csproj", "{0419B208-A9BA-4631-923A-022DB2E0A262}"
EndProject
Global
	GlobalSection(SolutionConfigurationPlatforms) = preSolution
		Debug|Any CPU = Debug|Any CPU
		Release|Any CPU = Release|Any CPU
	EndGlobalSection
	GlobalSection(ProjectConfigurationPlatforms) = postSolution
		{DD98859A-0CC2-4E73-AC9F-A35A1BFE670C}.Debug|Any CPU.ActiveCfg = Debug|Any CPU
		{DD98859A-0CC2-4E73-AC9F-A35A1BFE670C}.Debug|Any CPU.Build.0 = Debug|Any CPU
		{DD98859A-0CC2-4E73-AC9F-A35A1BFE670C}.Release|Any CPU.ActiveCfg = Release|Any CPU
		{DD98859A-0CC2-4E73-AC9F-A35A1BFE670C}.Release|Any CPU.Build.0 = Release|Any CPU
		{5C58AFE7-4826-47A4-BB26-62745BB22C21}.Debug|Any CPU.ActiveCfg = Debug|Any CPU
		{5C58AFE7-4826-47A4-BB26-62745BB22C21}.Debug|Any CPU.Build.0 = Debug|Any CPU
		{5C58AFE7-4826-47A4-BB26-62745BB22C21}.Release|Any CPU.ActiveCfg = Release|Any CPU
		{5C58AFE7-4826-47A4-BB26-62745BB22C21}.Release|Any CPU.Build.0 = Release|Any CPU
		{0419B208-A9BA-4631-923A-022DB2E0A262}.Debug|Any CPU.ActiveCfg = Debug|Any CPU
		{0419B208-A9BA-4631-923A-022DB2E0A262}.Debug|Any CPU.Build.0 = Debug|Any CPU
		{0419B208-A9BA-4631-923A-022DB2E0A262}.Release|Any CPU.ActiveCfg = Release|Any CPU
		{0419B208-A9BA-4631-923A-022DB2E0A262}.Release|Any CPU.Build.0 = Release|Any CPU
	EndGlobalSection
	GlobalSection(SolutionProperties) = preSolution
		HideSolutionNode = FALSE
	EndGlobalSection
	GlobalSection(ExtensibilityGlobals) = postSolution
		SolutionGuid = {4F702146-6119-4A15-AC6A-8D5B74CEDFCE}
	EndGlobalSection
EndGlobal
